# This file is automatically @generated by Cargo.
# It is not intended for manual editing.
version = 4

[[package]]
name = "boop-app"
version = "0.1.0"

[[package]]
name = "boop-bin-client-desktop"
version = "0.1.0"

[[package]]
name = "boop-bin-client-mobile-ios"
version = "0.1.0"

[[package]]
name = "boop-common"
version = "0.1.0"

[[package]]
name = "boop-platform"
version = "0.1.0"

[[package]]
name = "boop-platform-desktop"
version = "0.1.0"

[[package]]
name = "boop-platform-mobile-ios"
version = "0.1.0"

[[package]]
name = "boop-runtime-client"
version = "0.1.0"
